
Microsoft Visual Studio Solution File, Format Version 12.00
# Visual Studio 15
VisualStudioVersion = 15.0.28307.1259
MinimumVisualStudioVersion = 10.0.40219.1
Project("{FAE04EC0-301F-11D3-BF4B-00C04F79EFBC}") = "ex1", "ex1\ex1.csproj", "{733179B2-E60D-4079-B9B9-7EE4D0BEB00E}"
EndProject
Global
	GlobalSection(SolutionConfigurationPlatforms) = preSolution
		Debug|Any CPU = Debug|Any CPU
		Release|Any CPU = Release|Any CPU
	EndGlobalSection
	GlobalSection(ProjectConfigurationPlatforms) = postSolution
		{733179B2-E60D-4079-B9B9-7EE4D0BEB00E}.Debug|Any CPU.ActiveCfg = Debug|Any CPU
		{733179B2-E60D-4079-B9B9-7EE4D0BEB00E}.Debug|Any CPU.Build.0 = Debug|Any CPU
		{733179B2-E60D-4079-B9B9-7EE4D0BEB00E}.Release|Any CPU.ActiveCfg = Release|Any CPU
		{733179B2-E60D-4079-B9B9-7EE4D0BEB00E}.Release|Any CPU.Build.0 = Release|Any CPU
	EndGlobalSection
	GlobalSection(SolutionProperties) = preSolution
		HideSolutionNode = FALSE
	EndGlobalSection
	GlobalSection(ExtensibilityGlobals) = postSolution
		SolutionGuid = {5B55BFE0-DA70-41E1-BFD2-8F7D44736B15}
	EndGlobalSection
EndGlobal
